
Microsoft Visual Studio Solution File, Format Version 12.00
# Visual Studio Version 16
VisualStudioVersion = 16.0.31402.337
MinimumVisualStudioVersion = 10.0.40219.1
Project("{FAE04EC0-301F-11D3-BF4B-00C04F79EFBC}") = "PulseOxim", "PulseOxim.csproj", "{62B10DFD-9BCE-4356-B84B-4648A4BEA5BD}"
EndProject
Global
	GlobalSection(SolutionConfigurationPlatforms) = preSolution
		Debug|Any CPU = Debug|Any CPU
		Release|Any CPU = Release|Any CPU
	EndGlobalSection
	GlobalSection(ProjectConfigurationPlatforms) = postSolution
		{62B10DFD-9BCE-4356-B84B-4648A4BEA5BD}.Debug|Any CPU.ActiveCfg = Debug|Any CPU
		{62B10DFD-9BCE-4356-B84B-4648A4BEA5BD}.Debug|Any CPU.Build.0 = Debug|Any CPU
		{62B10DFD-9BCE-4356-B84B-4648A4BEA5BD}.Release|Any CPU.ActiveCfg = Release|Any CPU
		{62B10DFD-9BCE-4356-B84B-4648A4BEA5BD}.Release|Any CPU.Build.0 = Release|Any CPU
	EndGlobalSection
	GlobalSection(SolutionProperties) = preSolution
		HideSolutionNode = FALSE
	EndGlobalSection
	GlobalSection(ExtensibilityGlobals) = postSolution
		SolutionGuid = {496E2796-5BC4-4C06-811D-8C461B6B99D7}
	EndGlobalSection
EndGlobal
